<?xml version="1.0" encoding="utf-8"?>
<Project ToolsVersion="4.0" xmlns="http://schemas.microsoft.com/developer/msbuild/2003">
  <ItemGroup>
    <Filter Include="Source Files">
      <UniqueIdentifier>{4FC737F1-C7A5-4376-A066-2A32D752A2FF}</UniqueIdentifier>
      <Extensions>cpp;c;cc;cxx;c++;def;odl;idl;hpj;bat;asm;asmx</Extensions>
    </Filter>
    <Filter Include="Header Files">
      <UniqueIdentifier>{93995380-89BD-4b04-88EB-625FBE52EBFB}</UniqueIdentifier>
      <Extensions>h;hh;hpp;hxx;h++;hm;inl;inc;ipp;xsd</Extensions>
    </Filter>
    <Filter Include="Resource Files">
      <UniqueIdentifier>{67DA6AB6-F800-4c08-8B7A-83BB121AAD01}</UniqueIdentifier>
      <Extensions>rc;ico;cur;bmp;dlg;rc2;rct;bin;rgs;gif;jpg;jpeg;jpe;resx;tiff;tif;png;wav;mfcribbon-ms</Extensions>
    </Filter>
  </ItemGroup>
  <ItemGroup>
    <ClCompile Include="Demeter.cpp">
      <Filter>Source Files</Filter>
    </ClCompile>
    <ClCompile Include="stdafx.cpp">
      <Filter>Source Files</Filter>
    </ClCompile>
    <ClCompile Include="CPUDataGatherer.cpp">
      <Filter>Source Files</Filter>
    </ClCompile>
    <ClCompile Include="RAMDataGatherer.cpp">
      <Filter>Source Files</Filter>
    </ClCompile>
    <ClCompile Include="ProcessInfoGatherer.cpp">
      <Filter>Source Files</Filter>
    </ClCompile>
    <ClCompile Include="DiskDataGatherer.cpp">
      <Filter>Source Files</Filter>
    </ClCompile>
    <ClCompile Include="SystemInfoGatherer.cpp">
      <Filter>Source Files</Filter>
    </ClCompile>
    <ClCompile Include="DemeterLogger.cpp">
      <Filter>Source Files</Filter>
    </ClCompile>
    <ClCompile Include="UsageWatchdog.cpp">
      <Filter>Source Files</Filter>
    </ClCompile>
    <ClCompile Include="UsageWatchdogManager.cpp">
      <Filter>Source Files</Filter>
    </ClCompile>
    <ClCompile Include="ProcessNetDataGatherer.cpp">
      <Filter>Source Files</Filter>
    </ClCompile>
    <ClCompile Include="misc.cpp">
      <Filter>Source Files</Filter>
    </ClCompile>
    <ClCompile Include="EnergyGatherer.cpp">
      <Filter>Source Files</Filter>
    </ClCompile>
  </ItemGroup>
  <ItemGroup>
    <ClInclude Include="stdafx.h">
      <Filter>Header Files</Filter>
    </ClInclude>
    <ClInclude Include="targetver.h">
      <Filter>Header Files</Filter>
    </ClInclude>
    <ClInclude Include="CPUDataGatherer.h">
      <Filter>Header Files</Filter>
    </ClInclude>
    <ClInclude Include="RAMDataGatherer.h">
      <Filter>Header Files</Filter>
    </ClInclude>
    <ClInclude Include="ProcessInfoGatherer.h">
      <Filter>Header Files</Filter>
    </ClInclude>
    <ClInclude Include="DiskDataGatherer.h">
      <Filter>Header Files</Filter>
    </ClInclude>
    <ClInclude Include="SystemInfoGatherer.h">
      <Filter>Header Files</Filter>
    </ClInclude>
    <ClInclude Include="DemeterLogger.h">
      <Filter>Header Files</Filter>
    </ClInclude>
    <ClInclude Include="UsageWatchdog.h">
      <Filter>Header Files</Filter>
    </ClInclude>
    <ClInclude Include="UsageWatchdogManager.h">
      <Filter>Header Files</Filter>
    </ClInclude>
    <ClInclude Include="misc.h">
      <Filter>Header Files</Filter>
    </ClInclude>
    <ClInclude Include="ProcessNetDataGatherer.h">
      <Filter>Header Files</Filter>
    </ClInclude>
    <ClInclude Include="Demeter.h">
      <Filter>Header Files</Filter>
    </ClInclude>
    <ClInclude Include="EnergyGatherer.h">
      <Filter>Header Files</Filter>
    </ClInclude>
  </ItemGroup>
</Project>